{
    "version": 3,
    "terraform_version": "0.11.8",
    "serial": 12,
    "lineage": "8db5b2d2-18b7-960e-55e1-ea390b42b664",
    "modules": [
        {
            "path": [
                "root"
            ],
            "outputs": {},
            "resources": {
                "azurerm_network_interface.main.0": {
                    "type": "azurerm_network_interface",
                    "depends_on": [
                        "azurerm_resource_group.rg",
                        "azurerm_subnet.subnet1"
                    ],
                    "primary": {
                        "id": "/subscriptions/917416c8-760a-45f2-a774-671813cee4f9/resourceGroups/zmyrgz/providers/Microsoft.Network/networkInterfaces/tfvm-nic-0",
                        "attributes": {
                            "applied_dns_servers.#": "0",
                            "dns_servers.#": "0",
                            "enable_accelerated_networking": "false",
                            "enable_ip_forwarding": "false",
                            "id": "/subscriptions/917416c8-760a-45f2-a774-671813cee4f9/resourceGroups/zmyrgz/providers/Microsoft.Network/networkInterfaces/tfvm-nic-0",
                            "internal_dns_name_label": "",
                            "internal_fqdn": "",
                            "ip_configuration.#": "1",
                            "ip_configuration.0.application_gateway_backend_address_pools_ids.#": "0",
                            "ip_configuration.0.application_security_group_ids.#": "0",
                            "ip_configuration.0.load_balancer_backend_address_pools_ids.#": "0",
                            "ip_configuration.0.load_balancer_inbound_nat_rules_ids.#": "0",
                            "ip_configuration.0.name": "testconfiguration0",
                            "ip_configuration.0.primary": "true",
                            "ip_configuration.0.private_ip_address": "",
                            "ip_configuration.0.private_ip_address_allocation": "dynamic",
                            "ip_configuration.0.public_ip_address_id": "",
                            "ip_configuration.0.subnet_id": "/subscriptions/917416c8-760a-45f2-a774-671813cee4f9/resourceGroups/zmyrgz/providers/Microsoft.Network/virtualNetworks/tfvnet/subnets/subnet1",
                            "location": "eastus",
                            "mac_address": "",
                            "name": "tfvm-nic-0",
                            "network_security_group_id": "",
                            "private_ip_address": "10.0.0.5",
                            "private_ip_addresses.#": "1",
                            "private_ip_addresses.0": "10.0.0.5",
                            "resource_group_name": "zmyrgz",
                            "tags.%": "0"
                        },
                        "meta": {},
                        "tainted": false
                    },
                    "deposed": [],
                    "provider": "provider.azurerm"
                },
                "azurerm_network_interface.main.1": {
                    "type": "azurerm_network_interface",
                    "depends_on": [
                        "azurerm_resource_group.rg",
                        "azurerm_subnet.subnet1"
                    ],
                    "primary": {
                        "id": "/subscriptions/917416c8-760a-45f2-a774-671813cee4f9/resourceGroups/zmyrgz/providers/Microsoft.Network/networkInterfaces/tfvm-nic-1",
                        "attributes": {
                            "applied_dns_servers.#": "0",
                            "dns_servers.#": "0",
                            "enable_accelerated_networking": "false",
                            "enable_ip_forwarding": "false",
                            "id": "/subscriptions/917416c8-760a-45f2-a774-671813cee4f9/resourceGroups/zmyrgz/providers/Microsoft.Network/networkInterfaces/tfvm-nic-1",
                            "internal_dns_name_label": "",
                            "internal_fqdn": "",
                            "ip_configuration.#": "1",
                            "ip_configuration.0.application_gateway_backend_address_pools_ids.#": "0",
                            "ip_configuration.0.application_security_group_ids.#": "0",
                            "ip_configuration.0.load_balancer_backend_address_pools_ids.#": "0",
                            "ip_configuration.0.load_balancer_inbound_nat_rules_ids.#": "0",
                            "ip_configuration.0.name": "testconfiguration1",
                            "ip_configuration.0.primary": "true",
                            "ip_configuration.0.private_ip_address": "",
                            "ip_configuration.0.private_ip_address_allocation": "dynamic",
                            "ip_configuration.0.public_ip_address_id": "",
                            "ip_configuration.0.subnet_id": "/subscriptions/917416c8-760a-45f2-a774-671813cee4f9/resourceGroups/zmyrgz/providers/Microsoft.Network/virtualNetworks/tfvnet/subnets/subnet1",
                            "location": "eastus",
                            "mac_address": "",
                            "name": "tfvm-nic-1",
                            "network_security_group_id": "",
                            "private_ip_address": "10.0.0.6",
                            "private_ip_addresses.#": "1",
                            "private_ip_addresses.0": "10.0.0.6",
                            "resource_group_name": "zmyrgz",
                            "tags.%": "0"
                        },
                        "meta": {},
                        "tainted": false
                    },
                    "deposed": [],
                    "provider": "provider.azurerm"
                },
                "azurerm_network_interface.main.2": {
                    "type": "azurerm_network_interface",
                    "depends_on": [
                        "azurerm_resource_group.rg",
                        "azurerm_subnet.subnet1"
                    ],
                    "primary": {
                        "id": "/subscriptions/917416c8-760a-45f2-a774-671813cee4f9/resourceGroups/zmyrgz/providers/Microsoft.Network/networkInterfaces/tfvm-nic-2",
                        "attributes": {
                            "applied_dns_servers.#": "0",
                            "dns_servers.#": "0",
                            "enable_accelerated_networking": "false",
                            "enable_ip_forwarding": "false",
                            "id": "/subscriptions/917416c8-760a-45f2-a774-671813cee4f9/resourceGroups/zmyrgz/providers/Microsoft.Network/networkInterfaces/tfvm-nic-2",
                            "internal_dns_name_label": "",
                            "internal_fqdn": "",
                            "ip_configuration.#": "1",
                            "ip_configuration.0.application_gateway_backend_address_pools_ids.#": "0",
                            "ip_configuration.0.application_security_group_ids.#": "0",
                            "ip_configuration.0.load_balancer_backend_address_pools_ids.#": "0",
                            "ip_configuration.0.load_balancer_inbound_nat_rules_ids.#": "0",
                            "ip_configuration.0.name": "testconfiguration2",
                            "ip_configuration.0.primary": "true",
                            "ip_configuration.0.private_ip_address": "",
                            "ip_configuration.0.private_ip_address_allocation": "dynamic",
                            "ip_configuration.0.public_ip_address_id": "",
                            "ip_configuration.0.subnet_id": "/subscriptions/917416c8-760a-45f2-a774-671813cee4f9/resourceGroups/zmyrgz/providers/Microsoft.Network/virtualNetworks/tfvnet/subnets/subnet1",
                            "location": "eastus",
                            "mac_address": "",
                            "name": "tfvm-nic-2",
                            "network_security_group_id": "",
                            "private_ip_address": "10.0.0.4",
                            "private_ip_addresses.#": "1",
                            "private_ip_addresses.0": "10.0.0.4",
                            "resource_group_name": "zmyrgz",
                            "tags.%": "0"
                        },
                        "meta": {},
                        "tainted": false
                    },
                    "deposed": [],
                    "provider": "provider.azurerm"
                },
                "azurerm_resource_group.rg": {
                    "type": "azurerm_resource_group",
                    "depends_on": [],
                    "primary": {
                        "id": "/subscriptions/917416c8-760a-45f2-a774-671813cee4f9/resourceGroups/zmyrgz",
                        "attributes": {
                            "id": "/subscriptions/917416c8-760a-45f2-a774-671813cee4f9/resourceGroups/zmyrgz",
                            "location": "eastus",
                            "name": "zmyrgz",
                            "tags.%": "0"
                        },
                        "meta": {},
                        "tainted": false
                    },
                    "deposed": [],
                    "provider": "provider.azurerm"
                },
                "azurerm_subnet.subnet1": {
                    "type": "azurerm_subnet",
                    "depends_on": [
                        "azurerm_resource_group.rg",
                        "azurerm_virtual_network.vnet"
                    ],
                    "primary": {
                        "id": "/subscriptions/917416c8-760a-45f2-a774-671813cee4f9/resourceGroups/zmyrgz/providers/Microsoft.Network/virtualNetworks/tfvnet/subnets/subnet1",
                        "attributes": {
                            "address_prefix": "10.0.0.0/24",
                            "id": "/subscriptions/917416c8-760a-45f2-a774-671813cee4f9/resourceGroups/zmyrgz/providers/Microsoft.Network/virtualNetworks/tfvnet/subnets/subnet1",
                            "ip_configurations.#": "0",
                            "name": "subnet1",
                            "resource_group_name": "zmyrgz",
                            "service_endpoints.#": "0",
                            "virtual_network_name": "tfvnet"
                        },
                        "meta": {},
                        "tainted": false
                    },
                    "deposed": [],
                    "provider": "provider.azurerm"
                },
                "azurerm_subnet.subnet2": {
                    "type": "azurerm_subnet",
                    "depends_on": [
                        "azurerm_resource_group.rg",
                        "azurerm_virtual_network.vnet"
                    ],
                    "primary": {
                        "id": "/subscriptions/917416c8-760a-45f2-a774-671813cee4f9/resourceGroups/zmyrgz/providers/Microsoft.Network/virtualNetworks/tfvnet/subnets/subnet2",
                        "attributes": {
                            "address_prefix": "10.0.1.0/24",
                            "id": "/subscriptions/917416c8-760a-45f2-a774-671813cee4f9/resourceGroups/zmyrgz/providers/Microsoft.Network/virtualNetworks/tfvnet/subnets/subnet2",
                            "ip_configurations.#": "0",
                            "name": "subnet2",
                            "resource_group_name": "zmyrgz",
                            "service_endpoints.#": "0",
                            "virtual_network_name": "tfvnet"
                        },
                        "meta": {},
                        "tainted": false
                    },
                    "deposed": [],
                    "provider": "provider.azurerm"
                },
                "azurerm_virtual_machine.test.0": {
                    "type": "azurerm_virtual_machine",
                    "depends_on": [
                        "azurerm_network_interface.main.*",
                        "azurerm_resource_group.rg"
                    ],
                    "primary": {
                        "id": "/subscriptions/917416c8-760a-45f2-a774-671813cee4f9/resourceGroups/zmyrgz/providers/Microsoft.Compute/virtualMachines/tfvm-vm-0",
                        "attributes": {
                            "delete_data_disks_on_termination": "true",
                            "delete_os_disk_on_termination": "true",
                            "id": "/subscriptions/917416c8-760a-45f2-a774-671813cee4f9/resourceGroups/zmyrgz/providers/Microsoft.Compute/virtualMachines/tfvm-vm-0",
                            "identity.#": "0",
                            "location": "eastus",
                            "name": "tfvm-vm-0",
                            "network_interface_ids.#": "1",
                            "network_interface_ids.0": "/subscriptions/917416c8-760a-45f2-a774-671813cee4f9/resourceGroups/zmyrgz/providers/Microsoft.Network/networkInterfaces/tfvm-nic-0",
                            "os_profile.#": "1",
                            "os_profile.1173764063.admin_password": "",
                            "os_profile.1173764063.admin_username": "testadmin",
                            "os_profile.1173764063.computer_name": "hostname",
                            "os_profile.1173764063.custom_data": "",
                            "os_profile_linux_config.#": "1",
                            "os_profile_linux_config.2972667452.disable_password_authentication": "false",
                            "os_profile_linux_config.2972667452.ssh_keys.#": "0",
                            "os_profile_secrets.#": "0",
                            "resource_group_name": "zmyrgz",
                            "storage_data_disk.#": "0",
                            "storage_image_reference.#": "1",
                            "storage_image_reference.1458860473.id": "",
                            "storage_image_reference.1458860473.offer": "UbuntuServer",
                            "storage_image_reference.1458860473.publisher": "Canonical",
                            "storage_image_reference.1458860473.sku": "16.04-LTS",
                            "storage_image_reference.1458860473.version": "latest",
                            "storage_os_disk.#": "1",
                            "storage_os_disk.0.caching": "ReadWrite",
                            "storage_os_disk.0.create_option": "FromImage",
                            "storage_os_disk.0.disk_size_gb": "30",
                            "storage_os_disk.0.image_uri": "",
                            "storage_os_disk.0.managed_disk_id": "/subscriptions/917416c8-760a-45f2-a774-671813cee4f9/resourceGroups/zmyrgz/providers/Microsoft.Compute/disks/myosdisk-0",
                            "storage_os_disk.0.managed_disk_type": "Standard_LRS",
                            "storage_os_disk.0.name": "myosdisk-0",
                            "storage_os_disk.0.os_type": "Linux",
                            "storage_os_disk.0.vhd_uri": "",
                            "storage_os_disk.0.write_accelerator_enabled": "false",
                            "tags.%": "0",
                            "vm_size": "Standard_F2",
                            "zones.#": "0"
                        },
                        "meta": {},
                        "tainted": false
                    },
                    "deposed": [],
                    "provider": "provider.azurerm"
                },
                "azurerm_virtual_machine.test.1": {
                    "type": "azurerm_virtual_machine",
                    "depends_on": [
                        "azurerm_network_interface.main.*",
                        "azurerm_resource_group.rg"
                    ],
                    "primary": {
                        "id": "/subscriptions/917416c8-760a-45f2-a774-671813cee4f9/resourceGroups/zmyrgz/providers/Microsoft.Compute/virtualMachines/tfvm-vm-1",
                        "attributes": {
                            "delete_data_disks_on_termination": "true",
                            "delete_os_disk_on_termination": "true",
                            "id": "/subscriptions/917416c8-760a-45f2-a774-671813cee4f9/resourceGroups/zmyrgz/providers/Microsoft.Compute/virtualMachines/tfvm-vm-1",
                            "identity.#": "0",
                            "location": "eastus",
                            "name": "tfvm-vm-1",
                            "network_interface_ids.#": "1",
                            "network_interface_ids.0": "/subscriptions/917416c8-760a-45f2-a774-671813cee4f9/resourceGroups/zmyrgz/providers/Microsoft.Network/networkInterfaces/tfvm-nic-1",
                            "os_profile.#": "1",
                            "os_profile.1173764063.admin_password": "",
                            "os_profile.1173764063.admin_username": "testadmin",
                            "os_profile.1173764063.computer_name": "hostname",
                            "os_profile.1173764063.custom_data": "",
                            "os_profile_linux_config.#": "1",
                            "os_profile_linux_config.2972667452.disable_password_authentication": "false",
                            "os_profile_linux_config.2972667452.ssh_keys.#": "0",
                            "os_profile_secrets.#": "0",
                            "resource_group_name": "zmyrgz",
                            "storage_data_disk.#": "0",
                            "storage_image_reference.#": "1",
                            "storage_image_reference.1458860473.id": "",
                            "storage_image_reference.1458860473.offer": "UbuntuServer",
                            "storage_image_reference.1458860473.publisher": "Canonical",
                            "storage_image_reference.1458860473.sku": "16.04-LTS",
                            "storage_image_reference.1458860473.version": "latest",
                            "storage_os_disk.#": "1",
                            "storage_os_disk.0.caching": "ReadWrite",
                            "storage_os_disk.0.create_option": "FromImage",
                            "storage_os_disk.0.disk_size_gb": "30",
                            "storage_os_disk.0.image_uri": "",
                            "storage_os_disk.0.managed_disk_id": "/subscriptions/917416c8-760a-45f2-a774-671813cee4f9/resourceGroups/zmyrgz/providers/Microsoft.Compute/disks/myosdisk-1",
                            "storage_os_disk.0.managed_disk_type": "Standard_LRS",
                            "storage_os_disk.0.name": "myosdisk-1",
                            "storage_os_disk.0.os_type": "Linux",
                            "storage_os_disk.0.vhd_uri": "",
                            "storage_os_disk.0.write_accelerator_enabled": "false",
                            "tags.%": "0",
                            "vm_size": "Standard_F2",
                            "zones.#": "0"
                        },
                        "meta": {},
                        "tainted": false
                    },
                    "deposed": [],
                    "provider": "provider.azurerm"
                },
                "azurerm_virtual_machine.test.2": {
                    "type": "azurerm_virtual_machine",
                    "depends_on": [
                        "azurerm_network_interface.main.*",
                        "azurerm_resource_group.rg"
                    ],
                    "primary": {
                        "id": "/subscriptions/917416c8-760a-45f2-a774-671813cee4f9/resourceGroups/zmyrgz/providers/Microsoft.Compute/virtualMachines/tfvm-vm-2",
                        "attributes": {
                            "delete_data_disks_on_termination": "true",
                            "delete_os_disk_on_termination": "true",
                            "id": "/subscriptions/917416c8-760a-45f2-a774-671813cee4f9/resourceGroups/zmyrgz/providers/Microsoft.Compute/virtualMachines/tfvm-vm-2",
                            "identity.#": "0",
                            "location": "eastus",
                            "name": "tfvm-vm-2",
                            "network_interface_ids.#": "1",
                            "network_interface_ids.0": "/subscriptions/917416c8-760a-45f2-a774-671813cee4f9/resourceGroups/zmyrgz/providers/Microsoft.Network/networkInterfaces/tfvm-nic-2",
                            "os_profile.#": "1",
                            "os_profile.1173764063.admin_password": "",
                            "os_profile.1173764063.admin_username": "testadmin",
                            "os_profile.1173764063.computer_name": "hostname",
                            "os_profile.1173764063.custom_data": "",
                            "os_profile_linux_config.#": "1",
                            "os_profile_linux_config.2972667452.disable_password_authentication": "false",
                            "os_profile_linux_config.2972667452.ssh_keys.#": "0",
                            "os_profile_secrets.#": "0",
                            "resource_group_name": "zmyrgz",
                            "storage_data_disk.#": "0",
                            "storage_image_reference.#": "1",
                            "storage_image_reference.1458860473.id": "",
                            "storage_image_reference.1458860473.offer": "UbuntuServer",
                            "storage_image_reference.1458860473.publisher": "Canonical",
                            "storage_image_reference.1458860473.sku": "16.04-LTS",
                            "storage_image_reference.1458860473.version": "latest",
                            "storage_os_disk.#": "1",
                            "storage_os_disk.0.caching": "ReadWrite",
                            "storage_os_disk.0.create_option": "FromImage",
                            "storage_os_disk.0.disk_size_gb": "30",
                            "storage_os_disk.0.image_uri": "",
                            "storage_os_disk.0.managed_disk_id": "/subscriptions/917416c8-760a-45f2-a774-671813cee4f9/resourceGroups/zmyrgz/providers/Microsoft.Compute/disks/myosdisk-2",
                            "storage_os_disk.0.managed_disk_type": "Standard_LRS",
                            "storage_os_disk.0.name": "myosdisk-2",
                            "storage_os_disk.0.os_type": "Linux",
                            "storage_os_disk.0.vhd_uri": "",
                            "storage_os_disk.0.write_accelerator_enabled": "false",
                            "tags.%": "0",
                            "vm_size": "Standard_F2",
                            "zones.#": "0"
                        },
                        "meta": {},
                        "tainted": false
                    },
                    "deposed": [],
                    "provider": "provider.azurerm"
                },
                "azurerm_virtual_network.vnet": {
                    "type": "azurerm_virtual_network",
                    "depends_on": [
                        "azurerm_resource_group.rg"
                    ],
                    "primary": {
                        "id": "/subscriptions/917416c8-760a-45f2-a774-671813cee4f9/resourceGroups/zmyrgz/providers/Microsoft.Network/virtualNetworks/tfvnet",
                        "attributes": {
                            "address_space.#": "1",
                            "address_space.0": "10.0.0.0/16",
                            "dns_servers.#": "0",
                            "id": "/subscriptions/917416c8-760a-45f2-a774-671813cee4f9/resourceGroups/zmyrgz/providers/Microsoft.Network/virtualNetworks/tfvnet",
                            "location": "eastus",
                            "name": "tfvnet",
                            "resource_group_name": "zmyrgz",
                            "subnet.#": "0",
                            "tags.%": "0"
                        },
                        "meta": {},
                        "tainted": false
                    },
                    "deposed": [],
                    "provider": "provider.azurerm"
                }
            },
            "depends_on": []
        }
    ]
}
